
Microsoft Visual Studio Solution File, Format Version 12.00
# Visual Studio Version 17
VisualStudioVersion = 17.8.34330.188
MinimumVisualStudioVersion = 10.0.40219.1
Project("{FAE04EC0-301F-11D3-BF4B-00C04F79EFBC}") = "ConsoleApp5", "ConsoleApp5\ConsoleApp5.csproj", "{374EE058-1516-4125-BC77-46ADB28F7AED}"
EndProject
Global
	GlobalSection(SolutionConfigurationPlatforms) = preSolution
		Debug|Any CPU = Debug|Any CPU
		Release|Any CPU = Release|Any CPU
	EndGlobalSection
	GlobalSection(ProjectConfigurationPlatforms) = postSolution
		{374EE058-1516-4125-BC77-46ADB28F7AED}.Debug|Any CPU.ActiveCfg = Debug|Any CPU
		{374EE058-1516-4125-BC77-46ADB28F7AED}.Debug|Any CPU.Build.0 = Debug|Any CPU
		{374EE058-1516-4125-BC77-46ADB28F7AED}.Release|Any CPU.ActiveCfg = Release|Any CPU
		{374EE058-1516-4125-BC77-46ADB28F7AED}.Release|Any CPU.Build.0 = Release|Any CPU
	EndGlobalSection
	GlobalSection(SolutionProperties) = preSolution
		HideSolutionNode = FALSE
	EndGlobalSection
	GlobalSection(ExtensibilityGlobals) = postSolution
		SolutionGuid = {DE496210-259F-49BA-86FB-3AFD4C78E5FA}
	EndGlobalSection
EndGlobal
